
Microsoft Visual Studio Solution File, Format Version 12.00
# Visual Studio 15
VisualStudioVersion = 15.0.28307.572
MinimumVisualStudioVersion = 10.0.40219.1
Project("{9A19103F-16F7-4668-BE54-9A1E7A4F7556}") = "PaymentGateway", "PaymentGateway\PaymentGateway.csproj", "{F7601981-EA91-4E75-A274-9FD7C49767EC}"
EndProject
Project("{00D1A9C2-B5F0-4AF3-8072-F6C62B433612}") = "Database", "Database\Database.sqlproj", "{14822837-4221-4256-89B5-1BE4C8E58BBF}"
EndProject
Global
	GlobalSection(SolutionConfigurationPlatforms) = preSolution
		Debug|Any CPU = Debug|Any CPU
		Release|Any CPU = Release|Any CPU
	EndGlobalSection
	GlobalSection(ProjectConfigurationPlatforms) = postSolution
		{F7601981-EA91-4E75-A274-9FD7C49767EC}.Debug|Any CPU.ActiveCfg = Debug|Any CPU
		{F7601981-EA91-4E75-A274-9FD7C49767EC}.Debug|Any CPU.Build.0 = Debug|Any CPU
		{F7601981-EA91-4E75-A274-9FD7C49767EC}.Release|Any CPU.ActiveCfg = Release|Any CPU
		{F7601981-EA91-4E75-A274-9FD7C49767EC}.Release|Any CPU.Build.0 = Release|Any CPU
		{14822837-4221-4256-89B5-1BE4C8E58BBF}.Debug|Any CPU.ActiveCfg = Debug|Any CPU
		{14822837-4221-4256-89B5-1BE4C8E58BBF}.Debug|Any CPU.Build.0 = Debug|Any CPU
		{14822837-4221-4256-89B5-1BE4C8E58BBF}.Debug|Any CPU.Deploy.0 = Debug|Any CPU
		{14822837-4221-4256-89B5-1BE4C8E58BBF}.Release|Any CPU.ActiveCfg = Release|Any CPU
		{14822837-4221-4256-89B5-1BE4C8E58BBF}.Release|Any CPU.Build.0 = Release|Any CPU
		{14822837-4221-4256-89B5-1BE4C8E58BBF}.Release|Any CPU.Deploy.0 = Release|Any CPU
	EndGlobalSection
	GlobalSection(SolutionProperties) = preSolution
		HideSolutionNode = FALSE
	EndGlobalSection
	GlobalSection(ExtensibilityGlobals) = postSolution
		SolutionGuid = {848D99BE-599E-414F-BC0C-72FA09BD356A}
	EndGlobalSection
EndGlobal
